PODS:
  - Alamofire (4.0.1)
  - ExpandingTableView (1.0.1)
  - Kanna (2.0.0)
  - SDWebImage (3.8.1):
    - SDWebImage/Core (= 3.8.1)
  - SDWebImage/Core (3.8.1)
  - SwiftyJSON (3.1.1)

DEPENDENCIES:
  - Alamofire (~> 4.0)
  - ExpandingTableView
  - Kanna (~> 2.0.0)
  - SDWebImage (~> 3.8)
  - SwiftyJSON

SPEC CHECKSUMS:
  Alamofire: 7682d43245de14874acd142ec137b144aa1dd335
  ExpandingTableView: 0f50e5f764c18fd3a1659b6c823738764fd3775b
  Kanna: 9a6637f72f5c77fe9c045b1efb2a5bb074754af8
  SDWebImage: 35f9627a3e44b4f292a8a8ce6a531fa488239b91
  SwiftyJSON: f0be2e604f83e8405a624e9f891898bf6ed4e019

PODFILE CHECKSUM: bf1b80bcae384c45ef977457b0194c5ba917dbc5

COCOAPODS: 1.1.1
