// !$*UTF8*$!
{
	archiveVersion = 1;
	classes = {
	};
	objectVersion = 46;
	objects = {

/* Begin PBXBuildFile section */
		7EC2B3A11CA59DC100864B51 /* AppDelegate.swift in Sources */ = {isa = PBXBuildFile; fileRef = 7EC2B3A01CA59DC100864B51 /* AppDelegate.swift */; };
		7EC2B3A31CA59DC100864B51 /* ViewController.swift in Sources */ = {isa = PBXBuildFile; fileRef = 7EC2B3A21CA59DC100864B51 /* ViewController.swift */; };
		7EC2B3A61CA59DC100864B51 /* Main.storyboard in Resources */ = {isa = PBXBuildFile; fileRef = 7EC2B3A41CA59DC100864B51 /* Main.storyboard */; };
		7EC2B3A81CA59DC100864B51 /* Assets.xcassets in Resources */ = {isa = PBXBuildFile; fileRef = 7EC2B3A71CA59DC100864B51 /* Assets.xcassets */; };
		7EC2B3AB1CA59DC100864B51 /* LaunchScreen.storyboard in Resources */ = {isa = PBXBuildFile; fileRef = 7EC2B3A91CA59DC100864B51 /* LaunchScreen.storyboard */; };
		7EC2B3B61CA59DC100864B51 /* HandheldArtTests.swift in Sources */ = {isa = PBXBuildFile; fileRef = 7EC2B3B51CA59DC100864B51 /* HandheldArtTests.swift */; };
		7EC2B3C11CA59DC200864B51 /* HandheldArtUITests.swift in Sources */ = {isa = PBXBuildFile; fileRef = 7EC2B3C01CA59DC200864B51 /* HandheldArtUITests.swift */; };
/* End PBXBuildFile section */

/* Begin PBXContainerItemProxy section */
		7EC2B3B21CA59DC100864B51 /* PBXContainerItemProxy */ = {
			isa = PBXContainerItemProxy;
			containerPortal = 7EC2B3951CA59DC100864B51 /* Project object */;
			proxyType = 1;
			remoteGlobalIDString = 7EC2B39C1CA59DC100864B51;
			remoteInfo = HandheldArt;
		};
		7EC2B3BD1CA59DC200864B51 /* PBXContainerItemProxy */ = {
			isa = PBXContainerItemProxy;
			containerPortal = 7EC2B3951CA59DC100864B51 /* Project object */;
			proxyType = 1;
			remoteGlobalIDString = 7EC2B39C1CA59DC100864B51;
			remoteInfo = HandheldArt;
		};
/* End PBXContainerItemProxy section */

/* Begin PBXFileReference section */
		7EC2B39D1CA59DC100864B51 /* HandheldArt.app */ = {isa = PBXFileReference; explicitFileType = wrapper.application; includeInIndex = 0; path = HandheldArt.app; sourceTree = BUILT_PRODUCTS_DIR; };
		7EC2B3A01CA59DC100864B51 /* AppDelegate.swift */ = {isa = PBXFileReference; lastKnownFileType = sourcecode.swift; path = AppDelegate.swift; sourceTree = "<group>"; };
		7EC2B3A21CA59DC100864B51 /* ViewController.swift */ = {isa = PBXFileReference; lastKnownFileType = sourcecode.swift; path = ViewController.swift; sourceTree = "<group>"; };
		7EC2B3A51CA59DC100864B51 /* Base */ = {isa = PBXFileReference; lastKnownFileType = file.storyboard; name = Base; path = Base.lproj/Main.storyboard; sourceTree = "<group>"; };
		7EC2B3A71CA59DC100864B51 /* Assets.xcassets */ = {isa = PBXFileReference; lastKnownFileType = folder.assetcatalog; path = Assets.xcassets; sourceTree = "<group>"; };
		7EC2B3AA1CA59DC100864B51 /* Base */ = {isa = PBXFileReference; lastKnownFileType = file.storyboard; name = Base; path = Base.lproj/LaunchScreen.storyboard; sourceTree = "<group>"; };
		7EC2B3AC1CA59DC100864B51 /* Info.plist */ = {isa = PBXFileReference; lastKnownFileType = text.plist.xml; path = Info.plist; sourceTree = "<group>"; };
		7EC2B3B11CA59DC100864B51 /* HandheldArtTests.xctest */ = {isa = PBXFileReference; explicitFileType = wrapper.cfbundle; includeInIndex = 0; path = HandheldArtTests.xctest; sourceTree = BUILT_PRODUCTS_DIR; };
		7EC2B3B51CA59DC100864B51 /* HandheldArtTests.swift */ = {isa = PBXFileReference; lastKnownFileType = sourcecode.swift; path = HandheldArtTests.swift; sourceTree = "<group>"; };
		7EC2B3B71CA59DC100864B51 /* Info.plist */ = {isa = PBXFileReference; lastKnownFileType = text.plist.xml; path = Info.plist; sourceTree = "<group>"; };
		7EC2B3BC1CA59DC200864B51 /* HandheldArtUITests.xctest */ = {isa = PBXFileReference; explicitFileType = wrapper.cfbundle; includeInIndex = 0; path = HandheldArtUITests.xctest; sourceTree = BUILT_PRODUCTS_DIR; };
		7EC2B3C01CA59DC200864B51 /* HandheldArtUITests.swift */ = {isa = PBXFileReference; lastKnownFileType = sourcecode.swift; path = HandheldArtUITests.swift; sourceTree = "<group>"; };
		7EC2B3C21CA59DC200864B51 /* Info.plist */ = {isa = PBXFileReference; lastKnownFileType = text.plist.xml; path = Info.plist; sourceTree = "<group>"; };
/* End PBXFileReference section */

/* Begin PBXFrameworksBuildPhase section */
		7EC2B39A1CA59DC100864B51 /* Frameworks */ = {
			isa = PBXFrameworksBuildPhase;
			buildActionMask = 2147483647;
			files = (
			);
			runOnlyForDeploymentPostprocessing = 0;
		};
		7EC2B3AE1CA59DC100864B51 /* Frameworks */ = {
			isa = PBXFrameworksBuildPhase;
			buildActionMask = 2147483647;
			files = (
			);
			runOnlyForDeploymentPostprocessing = 0;
		};
		7EC2B3B91CA59DC200864B51 /* Frameworks */ = {
			isa = PBXFrameworksBuildPhase;
			buildActionMask = 2147483647;
			files = (
			);
			runOnlyForDeploymentPostprocessing = 0;
		};
/* End PBXFrameworksBuildPhase section */

/* Begin PBXGroup section */
		7EC2B3941CA59DC100864B51 = {
			isa = PBXGroup;
			children = (
				7EC2B39F1CA59DC100864B51 /* HandheldArt */,
				7EC2B3B41CA59DC100864B51 /* HandheldArtTests */,
				7EC2B3BF1CA59DC200864B51 /* HandheldArtUITests */,
				7EC2B39E1CA59DC100864B51 /* Products */,
			);
			sourceTree = "<group>";
		};
		7EC2B39E1CA59DC100864B51 /* Products */ = {
			isa = PBXGroup;
			children = (
				7EC2B39D1CA59DC100864B51 /* HandheldArt.app */,
				7EC2B3B11CA59DC100864B51 /* HandheldArtTests.xctest */,
				7EC2B3BC1CA59DC200864B51 /* HandheldArtUITests.xctest */,
			);
			name = Products;
			sourceTree = "<group>";
		};
		7EC2B39F1CA59DC100864B51 /* HandheldArt */ = {
			isa = PBXGroup;
			children = (
				7EC2B3A01CA59DC100864B51 /* AppDelegate.swift */,
				7EC2B3A21CA59DC100864B51 /* ViewController.swift */,
				7EC2B3A41CA59DC100864B51 /* Main.storyboard */,
				7EC2B3A71CA59DC100864B51 /* Assets.xcassets */,
				7EC2B3A91CA59DC100864B51 /* LaunchScreen.storyboard */,
				7EC2B3AC1CA59DC100864B51 /* Info.plist */,
			);
			path = HandheldArt;
			sourceTree = "<group>";
		};
		7EC2B3B41CA59DC100864B51 /* HandheldArtTests */ = {
			isa = PBXGroup;
			children = (
				7EC2B3B51CA59DC100864B51 /* HandheldArtTests.swift */,
				7EC2B3B71CA59DC100864B51 /* Info.plist */,
			);
			path = HandheldArtTests;
			sourceTree = "<group>";
		};
		7EC2B3BF1CA59DC200864B51 /* HandheldArtUITests */ = {
			isa = PBXGroup;
			children = (
				7EC2B3C01CA59DC200864B51 /* HandheldArtUITests.swift */,
				7EC2B3C21CA59DC200864B51 /* Info.plist */,
			);
			path = HandheldArtUITests;
			sourceTree = "<group>";
		};
/* End PBXGroup section */

/* Begin PBXNativeTarget section */
		7EC2B39C1CA59DC100864B51 /* HandheldArt */ = {
			isa = PBXNativeTarget;
			buildConfigurationList = 7EC2B3C51CA59DC200864B51 /* Build configuration list for PBXNativeTarget "HandheldArt" */;
			buildPhases = (
				7EC2B3991CA59DC100864B51 /* Sources */,
				7EC2B39A1CA59DC100864B51 /* Frameworks */,
				7EC2B39B1CA59DC100864B51 /* Resources */,
			);
			buildRules = (
			);
			dependencies = (
			);
			name = HandheldArt;
			productName = HandheldArt;
			productReference = 7EC2B39D1CA59DC100864B51 /* HandheldArt.app */;
			productType = "com.apple.product-type.application";
		};
		7EC2B3B01CA59DC100864B51 /* HandheldArtTests */ = {
			isa = PBXNativeTarget;
			buildConfigurationList = 7EC2B3C81CA59DC200864B51 /* Build configuration list for PBXNativeTarget "HandheldArtTests" */;
			buildPhases = (
				7EC2B3AD1CA59DC100864B51 /* Sources */,
				7EC2B3AE1CA59DC100864B51 /* Frameworks */,
				7EC2B3AF1CA59DC100864B51 /* Resources */,
			);
			buildRules = (
			);
			dependencies = (
				7EC2B3B31CA59DC100864B51 /* PBXTargetDependency */,
			);
			name = HandheldArtTests;
			productName = HandheldArtTests;
			productReference = 7EC2B3B11CA59DC100864B51 /* HandheldArtTests.xctest */;
			productType = "com.apple.product-type.bundle.unit-test";
		};
		7EC2B3BB1CA59DC200864B51 /* HandheldArtUITests */ = {
			isa = PBXNativeTarget;
			buildConfigurationList = 7EC2B3CB1CA59DC200864B51 /* Build configuration list for PBXNativeTarget "HandheldArtUITests" */;
			buildPhases = (
				7EC2B3B81CA59DC200864B51 /* Sources */,
				7EC2B3B91CA59DC200864B51 /* Frameworks */,
				7EC2B3BA1CA59DC200864B51 /* Resources */,
			);
			buildRules = (
			);
			dependencies = (
				7EC2B3BE1CA59DC200864B51 /* PBXTargetDependency */,
			);
			name = HandheldArtUITests;
			productName = HandheldArtUITests;
			productReference = 7EC2B3BC1CA59DC200864B51 /* HandheldArtUITests.xctest */;
			productType = "com.apple.product-type.bundle.ui-testing";
		};
/* End PBXNativeTarget section */

/* Begin PBXProject section */
		7EC2B3951CA59DC100864B51 /* Project object */ = {
			isa = PBXProject;
			attributes = {
				LastSwiftUpdateCheck = 0720;
				LastUpgradeCheck = 0720;
				ORGANIZATIONNAME = CDH;
				TargetAttributes = {
					7EC2B39C1CA59DC100864B51 = {
						CreatedOnToolsVersion = 7.2.1;
					};
					7EC2B3B01CA59DC100864B51 = {
						CreatedOnToolsVersion = 7.2.1;
						TestTargetID = 7EC2B39C1CA59DC100864B51;
					};
					7EC2B3BB1CA59DC200864B51 = {
						CreatedOnToolsVersion = 7.2.1;
						TestTargetID = 7EC2B39C1CA59DC100864B51;
					};
				};
			};
			buildConfigurationList = 7EC2B3981CA59DC100864B51 /* Build configuration list for PBXProject "HandheldArt" */;
			compatibilityVersion = "Xcode 3.2";
			developmentRegion = English;
			hasScannedForEncodings = 0;
			knownRegions = (
				en,
				Base,
			);
			mainGroup = 7EC2B3941CA59DC100864B51;
			productRefGroup = 7EC2B39E1CA59DC100864B51 /* Products */;
			projectDirPath = "";
			projectRoot = "";
			targets = (
				7EC2B39C1CA59DC100864B51 /* HandheldArt */,
				7EC2B3B01CA59DC100864B51 /* HandheldArtTests */,
				7EC2B3BB1CA59DC200864B51 /* HandheldArtUITests */,
			);
		};
/* End PBXProject section */

/* Begin PBXResourcesBuildPhase section */
		7EC2B39B1CA59DC100864B51 /* Resources */ = {
			isa = PBXResourcesBuildPhase;
			buildActionMask = 2147483647;
			files = (
				7EC2B3AB1CA59DC100864B51 /* LaunchScreen.storyboard in Resources */,
				7EC2B3A81CA59DC100864B51 /* Assets.xcassets in Resources */,
				7EC2B3A61CA59DC100864B51 /* Main.storyboard in Resources */,
			);
			runOnlyForDeploymentPostprocessing = 0;
		};
		7EC2B3AF1CA59DC100864B51 /* Resources */ = {
			isa = PBXResourcesBuildPhase;
			buildActionMask = 2147483647;
			files = (
			);
			runOnlyForDeploymentPostprocessing = 0;
		};
		7EC2B3BA1CA59DC200864B51 /* Resources */ = {
			isa = PBXResourcesBuildPhase;
			buildActionMask = 2147483647;
			files = (
			);
			runOnlyForDeploymentPostprocessing = 0;
		};
/* End PBXResourcesBuildPhase section */

/* Begin PBXSourcesBuildPhase section */
		7EC2B3991CA59DC100864B51 /* Sources */ = {
			isa = PBXSourcesBuildPhase;
			buildActionMask = 2147483647;
			files = (
				7EC2B3A31CA59DC100864B51 /* ViewController.swift in Sources */,
				7EC2B3A11CA59DC100864B51 /* AppDelegate.swift in Sources */,
			);
			runOnlyForDeploymentPostprocessing = 0;
		};
		7EC2B3AD1CA59DC100864B51 /* Sources */ = {
			isa = PBXSourcesBuildPhase;
			buildActionMask = 2147483647;
			files = (
				7EC2B3B61CA59DC100864B51 /* HandheldArtTests.swift in Sources */,
			);
			runOnlyForDeploymentPostprocessing = 0;
		};
		7EC2B3B81CA59DC200864B51 /* Sources */ = {
			isa = PBXSourcesBuildPhase;
			buildActionMask = 2147483647;
			files = (
				7EC2B3C11CA59DC200864B51 /* HandheldArtUITests.swift in Sources */,
			);
			runOnlyForDeploymentPostprocessing = 0;
		};
/* End PBXSourcesBuildPhase section */

/* Begin PBXTargetDependency section */
		7EC2B3B31CA59DC100864B51 /* PBXTargetDependency */ = {
			isa = PBXTargetDependency;
			target = 7EC2B39C1CA59DC100864B51 /* HandheldArt */;
			targetProxy = 7EC2B3B21CA59DC100864B51 /* PBXContainerItemProxy */;
		};
		7EC2B3BE1CA59DC200864B51 /* PBXTargetDependency */ = {
			isa = PBXTargetDependency;
			target = 7EC2B39C1CA59DC100864B51 /* HandheldArt */;
			targetProxy = 7EC2B3BD1CA59DC200864B51 /* PBXContainerItemProxy */;
		};
/* End PBXTargetDependency section */

/* Begin PBXVariantGroup section */
		7EC2B3A41CA59DC100864B51 /* Main.storyboard */ = {
			isa = PBXVariantGroup;
			children = (
				7EC2B3A51CA59DC100864B51 /* Base */,
			);
			name = Main.storyboard;
			sourceTree = "<group>";
		};
		7EC2B3A91CA59DC100864B51 /* LaunchScreen.storyboard */ = {
			isa = PBXVariantGroup;
			children = (
				7EC2B3AA1CA59DC100864B51 /* Base */,
			);
			name = LaunchScreen.storyboard;
			sourceTree = "<group>";
		};
/* End PBXVariantGroup section */

/* Begin XCBuildConfiguration section */
		7EC2B3C31CA59DC200864B51 /* Debug */ = {
			isa = XCBuildConfiguration;
			buildSettings = {
				ALWAYS_SEARCH_USER_PATHS = NO;
				CLANG_CXX_LANGUAGE_STANDARD = "gnu++0x";
				CLANG_CXX_LIBRARY = "libc++";
				CLANG_ENABLE_MODULES = YES;
				CLANG_ENABLE_OBJC_ARC = YES;
				CLANG_WARN_BOOL_CONVERSION = YES;
				CLANG_WARN_CONSTANT_CONVERSION = YES;
				CLANG_WARN_DIRECT_OBJC_ISA_USAGE = YES_ERROR;
				CLANG_WARN_EMPTY_BODY = YES;
				CLANG_WARN_ENUM_CONVERSION = YES;
				CLANG_WARN_INT_CONVERSION = YES;
				CLANG_WARN_OBJC_ROOT_CLASS = YES_ERROR;
				CLANG_WARN_UNREACHABLE_CODE = YES;
				CLANG_WARN__DUPLICATE_METHOD_MATCH = YES;
				"CODE_SIGN_IDENTITY[sdk=iphoneos*]" = "iPhone Developer";
				COPY_PHASE_STRIP = NO;
				DEBUG_INFORMATION_FORMAT = dwarf;
				ENABLE_STRICT_OBJC_MSGSEND = YES;
				ENABLE_TESTABILITY = YES;
				GCC_C_LANGUAGE_STANDARD = gnu99;
				GCC_DYNAMIC_NO_PIC = NO;
				GCC_NO_COMMON_BLOCKS = YES;
				GCC_OPTIMIZATION_LEVEL = 0;
				GCC_PREPROCESSOR_DEFINITIONS = (
					"DEBUG=1",
					"$(inherited)",
				);
				GCC_WARN_64_TO_32_BIT_CONVERSION = YES;
				GCC_WARN_ABOUT_RETURN_TYPE = YES_ERROR;
				GCC_WARN_UNDECLARED_SELECTOR = YES;
				GCC_WARN_UNINITIALIZED_AUTOS = YES_AGGRESSIVE;
				GCC_WARN_UNUSED_FUNCTION = YES;
				GCC_WARN_UNUSED_VARIABLE = YES;
				IPHONEOS_DEPLOYMENT_TARGET = 9.2;
				MTL_ENABLE_DEBUG_INFO = YES;
				ONLY_ACTIVE_ARCH = YES;
				SDKROOT = iphoneos;
				SWIFT_OPTIMIZATION_LEVEL = "-Onone";
				TARGETED_DEVICE_FAMILY = "1,2";
			};
			name = Debug;
		};
		7EC2B3C41CA59DC200864B51 /* Release */ = {
			isa = XCBuildConfiguration;
			buildSettings = {
				ALWAYS_SEARCH_USER_PATHS = NO;
				CLANG_CXX_LANGUAGE_STANDARD = "gnu++0x";
				CLANG_CXX_LIBRARY = "libc++";
				CLANG_ENABLE_MODULES = YES;
				CLANG_ENABLE_OBJC_ARC = YES;
				CLANG_WARN_BOOL_CONVERSION = YES;
				CLANG_WARN_CONSTANT_CONVERSION = YES;
				CLANG_WARN_DIRECT_OBJC_ISA_USAGE = YES_ERROR;
				CLANG_WARN_EMPTY_BODY = YES;
				CLANG_WARN_ENUM_CONVERSION = YES;
				CLANG_WARN_INT_CONVERSION = YES;
				CLANG_WARN_OBJC_ROOT_CLASS = YES_ERROR;
				CLANG_WARN_UNREACHABLE_CODE = YES;
				CLANG_WARN__DUPLICATE_METHOD_MATCH = YES;
				"CODE_SIGN_IDENTITY[sdk=iphoneos*]" = "iPhone Developer";
				COPY_PHASE_STRIP = NO;
				DEBUG_INFORMATION_FORMAT = "dwarf-with-dsym";
				ENABLE_NS_ASSERTIONS = NO;
				ENABLE_STRICT_OBJC_MSGSEND = YES;
				GCC_C_LANGUAGE_STANDARD = gnu99;
				GCC_NO_COMMON_BLOCKS = YES;
				GCC_WARN_64_TO_32_BIT_CONVERSION = YES;
				GCC_WARN_ABOUT_RETURN_TYPE = YES_ERROR;
				GCC_WARN_UNDECLARED_SELECTOR = YES;
				GCC_WARN_UNINITIALIZED_AUTOS = YES_AGGRESSIVE;
				GCC_WARN_UNUSED_FUNCTION = YES;
				GCC_WARN_UNUSED_VARIABLE = YES;
				IPHONEOS_DEPLOYMENT_TARGET = 9.2;
				MTL_ENABLE_DEBUG_INFO = NO;
				SDKROOT = iphoneos;
				TARGETED_DEVICE_FAMILY = "1,2";
				VALIDATE_PRODUCT = YES;
			};
			name = Release;
		};
		7EC2B3C61CA59DC200864B51 /* Debug */ = {
			isa = XCBuildConfiguration;
			buildSettings = {
				ASSETCATALOG_COMPILER_APPICON_NAME = AppIcon;
				INFOPLIST_FILE = HandheldArt/Info.plist;
				LD_RUNPATH_SEARCH_PATHS = "$(inherited) @executable_path/Frameworks";
				PRODUCT_BUNDLE_IDENTIFIER = CDH.HandheldArt;
				PRODUCT_NAME = "$(TARGET_NAME)";
			};
			name = Debug;
		};
		7EC2B3C71CA59DC200864B51 /* Release */ = {
			isa = XCBuildConfiguration;
			buildSettings = {
				ASSETCATALOG_COMPILER_APPICON_NAME = AppIcon;
				INFOPLIST_FILE = HandheldArt/Info.plist;
				LD_RUNPATH_SEARCH_PATHS = "$(inherited) @executable_path/Frameworks";
				PRODUCT_BUNDLE_IDENTIFIER = CDH.HandheldArt;
				PRODUCT_NAME = "$(TARGET_NAME)";
			};
			name = Release;
		};
		7EC2B3C91CA59DC200864B51 /* Debug */ = {
			isa = XCBuildConfiguration;
			buildSettings = {
				BUNDLE_LOADER = "$(TEST_HOST)";
				INFOPLIST_FILE = HandheldArtTests/Info.plist;
				LD_RUNPATH_SEARCH_PATHS = "$(inherited) @executable_path/Frameworks @loader_path/Frameworks";
				PRODUCT_BUNDLE_IDENTIFIER = CDH.HandheldArtTests;
				PRODUCT_NAME = "$(TARGET_NAME)";
				TEST_HOST = "$(BUILT_PRODUCTS_DIR)/HandheldArt.app/HandheldArt";
			};
			name = Debug;
		};
		7EC2B3CA1CA59DC200864B51 /* Release */ = {
			isa = XCBuildConfiguration;
			buildSettings = {
				BUNDLE_LOADER = "$(TEST_HOST)";
				INFOPLIST_FILE = HandheldArtTests/Info.plist;
				LD_RUNPATH_SEARCH_PATHS = "$(inherited) @executable_path/Frameworks @loader_path/Frameworks";
				PRODUCT_BUNDLE_IDENTIFIER = CDH.HandheldArtTests;
				PRODUCT_NAME = "$(TARGET_NAME)";
				TEST_HOST = "$(BUILT_PRODUCTS_DIR)/HandheldArt.app/HandheldArt";
			};
			name = Release;
		};
		7EC2B3CC1CA59DC200864B51 /* Debug */ = {
			isa = XCBuildConfiguration;
			buildSettings = {
				INFOPLIST_FILE = HandheldArtUITests/Info.plist;
				LD_RUNPATH_SEARCH_PATHS = "$(inherited) @executable_path/Frameworks @loader_path/Frameworks";
				PRODUCT_BUNDLE_IDENTIFIER = CDH.HandheldArtUITests;
				PRODUCT_NAME = "$(TARGET_NAME)";
				TEST_TARGET_NAME = HandheldArt;
				USES_XCTRUNNER = YES;
			};
			name = Debug;
		};
		7EC2B3CD1CA59DC200864B51 /* Release */ = {
			isa = XCBuildConfiguration;
			buildSettings = {
				INFOPLIST_FILE = HandheldArtUITests/Info.plist;
				LD_RUNPATH_SEARCH_PATHS = "$(inherited) @executable_path/Frameworks @loader_path/Frameworks";
				PRODUCT_BUNDLE_IDENTIFIER = CDH.HandheldArtUITests;
				PRODUCT_NAME = "$(TARGET_NAME)";
				TEST_TARGET_NAME = HandheldArt;
				USES_XCTRUNNER = YES;
			};
			name = Release;
		};
/* End XCBuildConfiguration section */

/* Begin XCConfigurationList section */
		7EC2B3981CA59DC100864B51 /* Build configuration list for PBXProject "HandheldArt" */ = {
			isa = XCConfigurationList;
			buildConfigurations = (
				7EC2B3C31CA59DC200864B51 /* Debug */,
				7EC2B3C41CA59DC200864B51 /* Release */,
			);
			defaultConfigurationIsVisible = 0;
			defaultConfigurationName = Release;
		};
		7EC2B3C51CA59DC200864B51 /* Build configuration list for PBXNativeTarget "HandheldArt" */ = {
			isa = XCConfigurationList;
			buildConfigurations = (
				7EC2B3C61CA59DC200864B51 /* Debug */,
				7EC2B3C71CA59DC200864B51 /* Release */,
			);
			defaultConfigurationIsVisible = 0;
		};
		7EC2B3C81CA59DC200864B51 /* Build configuration list for PBXNativeTarget "HandheldArtTests" */ = {
			isa = XCConfigurationList;
			buildConfigurations = (
				7EC2B3C91CA59DC200864B51 /* Debug */,
				7EC2B3CA1CA59DC200864B51 /* Release */,
			);
			defaultConfigurationIsVisible = 0;
		};
		7EC2B3CB1CA59DC200864B51 /* Build configuration list for PBXNativeTarget "HandheldArtUITests" */ = {
			isa = XCConfigurationList;
			buildConfigurations = (
				7EC2B3CC1CA59DC200864B51 /* Debug */,
				7EC2B3CD1CA59DC200864B51 /* Release */,
			);
			defaultConfigurationIsVisible = 0;
		};
/* End XCConfigurationList section */
	};
	rootObject = 7EC2B3951CA59DC100864B51 /* Project object */;
}
